// !$*UTF8*$!
{
	archiveVersion = 1;
	classes = {
	};
	objectVersion = 46;
	objects = {

/* Begin PBXBuildFile section */
		D0992A5A1D5B17B800DBE840 /* main.m in Sources */ = {isa = PBXBuildFile; fileRef = D0992A591D5B17B800DBE840 /* main.m */; };
		D0992A5D1D5B17B800DBE840 /* AppDelegate.m in Sources */ = {isa = PBXBuildFile; fileRef = D0992A5C1D5B17B800DBE840 /* AppDelegate.m */; };
		D0992A601D5B17B800DBE840 /* ViewController.m in Sources */ = {isa = PBXBuildFile; fileRef = D0992A5F1D5B17B800DBE840 /* ViewController.m */; };
		D0992A631D5B17B800DBE840 /* Main.storyboard in Resources */ = {isa = PBXBuildFile; fileRef = D0992A611D5B17B800DBE840 /* Main.storyboard */; };
		D0992A651D5B17B900DBE840 /* Assets.xcassets in Resources */ = {isa = PBXBuildFile; fileRef = D0992A641D5B17B900DBE840 /* Assets.xcassets */; };
		D0992A681D5B17B900DBE840 /* LaunchScreen.storyboard in Resources */ = {isa = PBXBuildFile; fileRef = D0992A661D5B17B900DBE840 /* LaunchScreen.storyboard */; };
		D0992A731D5B17B900DBE840 /* testSourceControlTests.m in Sources */ = {isa = PBXBuildFile; fileRef = D0992A721D5B17B900DBE840 /* testSourceControlTests.m */; };
		D0992A7E1D5B17B900DBE840 /* testSourceControlUITests.m in Sources */ = {isa = PBXBuildFile; fileRef = D0992A7D1D5B17B900DBE840 /* testSourceControlUITests.m */; };
		D0BBFD801D5C7456000B503B /* MyCustomClass.m in Sources */ = {isa = PBXBuildFile; fileRef = D0BBFD7F1D5C7456000B503B /* MyCustomClass.m */; };
/* End PBXBuildFile section */

/* Begin PBXContainerItemProxy section */
		D0992A6F1D5B17B900DBE840 /* PBXContainerItemProxy */ = {
			isa = PBXContainerItemProxy;
			containerPortal = D0992A4D1D5B17B700DBE840 /* Project object */;
			proxyType = 1;
			remoteGlobalIDString = D0992A541D5B17B800DBE840;
			remoteInfo = testSourceControl;
		};
		D0992A7A1D5B17B900DBE840 /* PBXContainerItemProxy */ = {
			isa = PBXContainerItemProxy;
			containerPortal = D0992A4D1D5B17B700DBE840 /* Project object */;
			proxyType = 1;
			remoteGlobalIDString = D0992A541D5B17B800DBE840;
			remoteInfo = testSourceControl;
		};
/* End PBXContainerItemProxy section */

/* Begin PBXFileReference section */
		D0992A551D5B17B800DBE840 /* testSourceControl.app */ = {isa = PBXFileReference; explicitFileType = wrapper.application; includeInIndex = 0; path = testSourceControl.app; sourceTree = BUILT_PRODUCTS_DIR; };
		D0992A591D5B17B800DBE840 /* main.m */ = {isa = PBXFileReference; lastKnownFileType = sourcecode.c.objc; path = main.m; sourceTree = "<group>"; };
		D0992A5B1D5B17B800DBE840 /* AppDelegate.h */ = {isa = PBXFileReference; lastKnownFileType = sourcecode.c.h; path = AppDelegate.h; sourceTree = "<group>"; };
		D0992A5C1D5B17B800DBE840 /* AppDelegate.m */ = {isa = PBXFileReference; lastKnownFileType = sourcecode.c.objc; path = AppDelegate.m; sourceTree = "<group>"; };
		D0992A5E1D5B17B800DBE840 /* ViewController.h */ = {isa = PBXFileReference; lastKnownFileType = sourcecode.c.h; path = ViewController.h; sourceTree = "<group>"; };
		D0992A5F1D5B17B800DBE840 /* ViewController.m */ = {isa = PBXFileReference; lastKnownFileType = sourcecode.c.objc; path = ViewController.m; sourceTree = "<group>"; };
		D0992A621D5B17B800DBE840 /* Base */ = {isa = PBXFileReference; lastKnownFileType = file.storyboard; name = Base; path = Base.lproj/Main.storyboard; sourceTree = "<group>"; };
		D0992A641D5B17B900DBE840 /* Assets.xcassets */ = {isa = PBXFileReference; lastKnownFileType = folder.assetcatalog; path = Assets.xcassets; sourceTree = "<group>"; };
		D0992A671D5B17B900DBE840 /* Base */ = {isa = PBXFileReference; lastKnownFileType = file.storyboard; name = Base; path = Base.lproj/LaunchScreen.storyboard; sourceTree = "<group>"; };
		D0992A691D5B17B900DBE840 /* Info.plist */ = {isa = PBXFileReference; lastKnownFileType = text.plist.xml; path = Info.plist; sourceTree = "<group>"; };
		D0992A6E1D5B17B900DBE840 /* testSourceControlTests.xctest */ = {isa = PBXFileReference; explicitFileType = wrapper.cfbundle; includeInIndex = 0; path = testSourceControlTests.xctest; sourceTree = BUILT_PRODUCTS_DIR; };
		D0992A721D5B17B900DBE840 /* testSourceControlTests.m */ = {isa = PBXFileReference; lastKnownFileType = sourcecode.c.objc; path = testSourceControlTests.m; sourceTree = "<group>"; };
		D0992A741D5B17B900DBE840 /* Info.plist */ = {isa = PBXFileReference; lastKnownFileType = text.plist.xml; path = Info.plist; sourceTree = "<group>"; };
		D0992A791D5B17B900DBE840 /* testSourceControlUITests.xctest */ = {isa = PBXFileReference; explicitFileType = wrapper.cfbundle; includeInIndex = 0; path = testSourceControlUITests.xctest; sourceTree = BUILT_PRODUCTS_DIR; };
		D0992A7D1D5B17B900DBE840 /* testSourceControlUITests.m */ = {isa = PBXFileReference; lastKnownFileType = sourcecode.c.objc; path = testSourceControlUITests.m; sourceTree = "<group>"; };
		D0992A7F1D5B17B900DBE840 /* Info.plist */ = {isa = PBXFileReference; lastKnownFileType = text.plist.xml; path = Info.plist; sourceTree = "<group>"; };
		D0BBFD7E1D5C7456000B503B /* MyCustomClass.h */ = {isa = PBXFileReference; fileEncoding = 4; lastKnownFileType = sourcecode.c.h; path = MyCustomClass.h; sourceTree = "<group>"; };
		D0BBFD7F1D5C7456000B503B /* MyCustomClass.m */ = {isa = PBXFileReference; fileEncoding = 4; lastKnownFileType = sourcecode.c.objc; path = MyCustomClass.m; sourceTree = "<group>"; };
/* End PBXFileReference section */

/* Begin PBXFrameworksBuildPhase section */
		D0992A521D5B17B800DBE840 /* Frameworks */ = {
			isa = PBXFrameworksBuildPhase;
			buildActionMask = 2147483647;
			files = (
			);
			runOnlyForDeploymentPostprocessing = 0;
		};
		D0992A6B1D5B17B900DBE840 /* Frameworks */ = {
			isa = PBXFrameworksBuildPhase;
			buildActionMask = 2147483647;
			files = (
			);
			runOnlyForDeploymentPostprocessing = 0;
		};
		D0992A761D5B17B900DBE840 /* Frameworks */ = {
			isa = PBXFrameworksBuildPhase;
			buildActionMask = 2147483647;
			files = (
			);
			runOnlyForDeploymentPostprocessing = 0;
		};
/* End PBXFrameworksBuildPhase section */

/* Begin PBXGroup section */
		D0992A4C1D5B17B700DBE840 = {
			isa = PBXGroup;
			children = (
				D0992A571D5B17B800DBE840 /* testSourceControl */,
				D0992A711D5B17B900DBE840 /* testSourceControlTests */,
				D0992A7C1D5B17B900DBE840 /* testSourceControlUITests */,
				D0992A561D5B17B800DBE840 /* Products */,
			);
			sourceTree = "<group>";
		};
		D0992A561D5B17B800DBE840 /* Products */ = {
			isa = PBXGroup;
			children = (
				D0992A551D5B17B800DBE840 /* testSourceControl.app */,
				D0992A6E1D5B17B900DBE840 /* testSourceControlTests.xctest */,
				D0992A791D5B17B900DBE840 /* testSourceControlUITests.xctest */,
			);
			name = Products;
			sourceTree = "<group>";
		};
		D0992A571D5B17B800DBE840 /* testSourceControl */ = {
			isa = PBXGroup;
			children = (
				D0992A5B1D5B17B800DBE840 /* AppDelegate.h */,
				D0992A5C1D5B17B800DBE840 /* AppDelegate.m */,
				D0992A5E1D5B17B800DBE840 /* ViewController.h */,
				D0992A5F1D5B17B800DBE840 /* ViewController.m */,
				D0BBFD7E1D5C7456000B503B /* MyCustomClass.h */,
				D0BBFD7F1D5C7456000B503B /* MyCustomClass.m */,
				D0992A611D5B17B800DBE840 /* Main.storyboard */,
				D0992A641D5B17B900DBE840 /* Assets.xcassets */,
				D0992A661D5B17B900DBE840 /* LaunchScreen.storyboard */,
				D0992A691D5B17B900DBE840 /* Info.plist */,
				D0992A581D5B17B800DBE840 /* Supporting Files */,
			);
			path = testSourceControl;
			sourceTree = "<group>";
		};
		D0992A581D5B17B800DBE840 /* Supporting Files */ = {
			isa = PBXGroup;
			children = (
				D0992A591D5B17B800DBE840 /* main.m */,
			);
			name = "Supporting Files";
			sourceTree = "<group>";
		};
		D0992A711D5B17B900DBE840 /* testSourceControlTests */ = {
			isa = PBXGroup;
			children = (
				D0992A721D5B17B900DBE840 /* testSourceControlTests.m */,
				D0992A741D5B17B900DBE840 /* Info.plist */,
			);
			path = testSourceControlTests;
			sourceTree = "<group>";
		};
		D0992A7C1D5B17B900DBE840 /* testSourceControlUITests */ = {
			isa = PBXGroup;
			children = (
				D0992A7D1D5B17B900DBE840 /* testSourceControlUITests.m */,
				D0992A7F1D5B17B900DBE840 /* Info.plist */,
			);
			path = testSourceControlUITests;
			sourceTree = "<group>";
		};
/* End PBXGroup section */

/* Begin PBXNativeTarget section */
		D0992A541D5B17B800DBE840 /* testSourceControl */ = {
			isa = PBXNativeTarget;
			buildConfigurationList = D0992A821D5B17B900DBE840 /* Build configuration list for PBXNativeTarget "testSourceControl" */;
			buildPhases = (
				D0992A511D5B17B800DBE840 /* Sources */,
				D0992A521D5B17B800DBE840 /* Frameworks */,
				D0992A531D5B17B800DBE840 /* Resources */,
			);
			buildRules = (
			);
			dependencies = (
			);
			name = testSourceControl;
			productName = testSourceControl;
			productReference = D0992A551D5B17B800DBE840 /* testSourceControl.app */;
			productType = "com.apple.product-type.application";
		};
		D0992A6D1D5B17B900DBE840 /* testSourceControlTests */ = {
			isa = PBXNativeTarget;
			buildConfigurationList = D0992A851D5B17B900DBE840 /* Build configuration list for PBXNativeTarget "testSourceControlTests" */;
			buildPhases = (
				D0992A6A1D5B17B900DBE840 /* Sources */,
				D0992A6B1D5B17B900DBE840 /* Frameworks */,
				D0992A6C1D5B17B900DBE840 /* Resources */,
			);
			buildRules = (
			);
			dependencies = (
				D0992A701D5B17B900DBE840 /* PBXTargetDependency */,
			);
			name = testSourceControlTests;
			productName = testSourceControlTests;
			productReference = D0992A6E1D5B17B900DBE840 /* testSourceControlTests.xctest */;
			productType = "com.apple.product-type.bundle.unit-test";
		};
		D0992A781D5B17B900DBE840 /* testSourceControlUITests */ = {
			isa = PBXNativeTarget;
			buildConfigurationList = D0992A881D5B17B900DBE840 /* Build configuration list for PBXNativeTarget "testSourceControlUITests" */;
			buildPhases = (
				D0992A751D5B17B900DBE840 /* Sources */,
				D0992A761D5B17B900DBE840 /* Frameworks */,
				D0992A771D5B17B900DBE840 /* Resources */,
			);
			buildRules = (
			);
			dependencies = (
				D0992A7B1D5B17B900DBE840 /* PBXTargetDependency */,
			);
			name = testSourceControlUITests;
			productName = testSourceControlUITests;
			productReference = D0992A791D5B17B900DBE840 /* testSourceControlUITests.xctest */;
			productType = "com.apple.product-type.bundle.ui-testing";
		};
/* End PBXNativeTarget section */

/* Begin PBXProject section */
		D0992A4D1D5B17B700DBE840 /* Project object */ = {
			isa = PBXProject;
			attributes = {
				LastUpgradeCheck = 0730;
				ORGANIZATIONNAME = YL;
				TargetAttributes = {
					D0992A541D5B17B800DBE840 = {
						CreatedOnToolsVersion = 7.3;
					};
					D0992A6D1D5B17B900DBE840 = {
						CreatedOnToolsVersion = 7.3;
						TestTargetID = D0992A541D5B17B800DBE840;
					};
					D0992A781D5B17B900DBE840 = {
						CreatedOnToolsVersion = 7.3;
						TestTargetID = D0992A541D5B17B800DBE840;
					};
				};
			};
			buildConfigurationList = D0992A501D5B17B800DBE840 /* Build configuration list for PBXProject "testSourceControl" */;
			compatibilityVersion = "Xcode 3.2";
			developmentRegion = English;
			hasScannedForEncodings = 0;
			knownRegions = (
				en,
				Base,
			);
			mainGroup = D0992A4C1D5B17B700DBE840;
			productRefGroup = D0992A561D5B17B800DBE840 /* Products */;
			projectDirPath = "";
			projectRoot = "";
			targets = (
				D0992A541D5B17B800DBE840 /* testSourceControl */,
				D0992A6D1D5B17B900DBE840 /* testSourceControlTests */,
				D0992A781D5B17B900DBE840 /* testSourceControlUITests */,
			);
		};
/* End PBXProject section */

/* Begin PBXResourcesBuildPhase section */
		D0992A531D5B17B800DBE840 /* Resources */ = {
			isa = PBXResourcesBuildPhase;
			buildActionMask = 2147483647;
			files = (
				D0992A681D5B17B900DBE840 /* LaunchScreen.storyboard in Resources */,
				D0992A651D5B17B900DBE840 /* Assets.xcassets in Resources */,
				D0992A631D5B17B800DBE840 /* Main.storyboard in Resources */,
			);
			runOnlyForDeploymentPostprocessing = 0;
		};
		D0992A6C1D5B17B900DBE840 /* Resources */ = {
			isa = PBXResourcesBuildPhase;
			buildActionMask = 2147483647;
			files = (
			);
			runOnlyForDeploymentPostprocessing = 0;
		};
		D0992A771D5B17B900DBE840 /* Resources */ = {
			isa = PBXResourcesBuildPhase;
			buildActionMask = 2147483647;
			files = (
			);
			runOnlyForDeploymentPostprocessing = 0;
		};
/* End PBXResourcesBuildPhase section */

/* Begin PBXSourcesBuildPhase section */
		D0992A511D5B17B800DBE840 /* Sources */ = {
			isa = PBXSourcesBuildPhase;
			buildActionMask = 2147483647;
			files = (
				D0992A601D5B17B800DBE840 /* ViewController.m in Sources */,
				D0BBFD801D5C7456000B503B /* MyCustomClass.m in Sources */,
				D0992A5D1D5B17B800DBE840 /* AppDelegate.m in Sources */,
				D0992A5A1D5B17B800DBE840 /* main.m in Sources */,
			);
			runOnlyForDeploymentPostprocessing = 0;
		};
		D0992A6A1D5B17B900DBE840 /* Sources */ = {
			isa = PBXSourcesBuildPhase;
			buildActionMask = 2147483647;
			files = (
				D0992A731D5B17B900DBE840 /* testSourceControlTests.m in Sources */,
			);
			runOnlyForDeploymentPostprocessing = 0;
		};
		D0992A751D5B17B900DBE840 /* Sources */ = {
			isa = PBXSourcesBuildPhase;
			buildActionMask = 2147483647;
			files = (
				D0992A7E1D5B17B900DBE840 /* testSourceControlUITests.m in Sources */,
			);
			runOnlyForDeploymentPostprocessing = 0;
		};
/* End PBXSourcesBuildPhase section */

/* Begin PBXTargetDependency section */
		D0992A701D5B17B900DBE840 /* PBXTargetDependency */ = {
			isa = PBXTargetDependency;
			target = D0992A541D5B17B800DBE840 /* testSourceControl */;
			targetProxy = D0992A6F1D5B17B900DBE840 /* PBXContainerItemProxy */;
		};
		D0992A7B1D5B17B900DBE840 /* PBXTargetDependency */ = {
			isa = PBXTargetDependency;
			target = D0992A541D5B17B800DBE840 /* testSourceControl */;
			targetProxy = D0992A7A1D5B17B900DBE840 /* PBXContainerItemProxy */;
		};
/* End PBXTargetDependency section */

/* Begin PBXVariantGroup section */
		D0992A611D5B17B800DBE840 /* Main.storyboard */ = {
			isa = PBXVariantGroup;
			children = (
				D0992A621D5B17B800DBE840 /* Base */,
			);
			name = Main.storyboard;
			sourceTree = "<group>";
		};
		D0992A661D5B17B900DBE840 /* LaunchScreen.storyboard */ = {
			isa = PBXVariantGroup;
			children = (
				D0992A671D5B17B900DBE840 /* Base */,
			);
			name = LaunchScreen.storyboard;
			sourceTree = "<group>";
		};
/* End PBXVariantGroup section */

/* Begin XCBuildConfiguration section */
		D0992A801D5B17B900DBE840 /* Debug */ = {
			isa = XCBuildConfiguration;
			buildSettings = {
				ALWAYS_SEARCH_USER_PATHS = NO;
				CLANG_ANALYZER_NONNULL = YES;
				CLANG_CXX_LANGUAGE_STANDARD = "gnu++0x";
				CLANG_CXX_LIBRARY = "libc++";
				CLANG_ENABLE_MODULES = YES;
				CLANG_ENABLE_OBJC_ARC = YES;
				CLANG_WARN_BOOL_CONVERSION = YES;
				CLANG_WARN_CONSTANT_CONVERSION = YES;
				CLANG_WARN_DIRECT_OBJC_ISA_USAGE = YES_ERROR;
				CLANG_WARN_EMPTY_BODY = YES;
				CLANG_WARN_ENUM_CONVERSION = YES;
				CLANG_WARN_INT_CONVERSION = YES;
				CLANG_WARN_OBJC_ROOT_CLASS = YES_ERROR;
				CLANG_WARN_UNREACHABLE_CODE = YES;
				CLANG_WARN__DUPLICATE_METHOD_MATCH = YES;
				"CODE_SIGN_IDENTITY[sdk=iphoneos*]" = "iPhone Developer";
				COPY_PHASE_STRIP = NO;
				DEBUG_INFORMATION_FORMAT = dwarf;
				ENABLE_STRICT_OBJC_MSGSEND = YES;
				ENABLE_TESTABILITY = YES;
				GCC_C_LANGUAGE_STANDARD = gnu99;
				GCC_DYNAMIC_NO_PIC = NO;
				GCC_NO_COMMON_BLOCKS = YES;
				GCC_OPTIMIZATION_LEVEL = 0;
				GCC_PREPROCESSOR_DEFINITIONS = (
					"DEBUG=1",
					"$(inherited)",
				);
				GCC_WARN_64_TO_32_BIT_CONVERSION = YES;
				GCC_WARN_ABOUT_RETURN_TYPE = YES_ERROR;
				GCC_WARN_UNDECLARED_SELECTOR = YES;
				GCC_WARN_UNINITIALIZED_AUTOS = YES_AGGRESSIVE;
				GCC_WARN_UNUSED_FUNCTION = YES;
				GCC_WARN_UNUSED_VARIABLE = YES;
				IPHONEOS_DEPLOYMENT_TARGET = 9.3;
				MTL_ENABLE_DEBUG_INFO = YES;
				ONLY_ACTIVE_ARCH = YES;
				SDKROOT = iphoneos;
			};
			name = Debug;
		};
		D0992A811D5B17B900DBE840 /* Release */ = {
			isa = XCBuildConfiguration;
			buildSettings = {
				ALWAYS_SEARCH_USER_PATHS = NO;
				CLANG_ANALYZER_NONNULL = YES;
				CLANG_CXX_LANGUAGE_STANDARD = "gnu++0x";
				CLANG_CXX_LIBRARY = "libc++";
				CLANG_ENABLE_MODULES = YES;
				CLANG_ENABLE_OBJC_ARC = YES;
				CLANG_WARN_BOOL_CONVERSION = YES;
				CLANG_WARN_CONSTANT_CONVERSION = YES;
				CLANG_WARN_DIRECT_OBJC_ISA_USAGE = YES_ERROR;
				CLANG_WARN_EMPTY_BODY = YES;
				CLANG_WARN_ENUM_CONVERSION = YES;
				CLANG_WARN_INT_CONVERSION = YES;
				CLANG_WARN_OBJC_ROOT_CLASS = YES_ERROR;
				CLANG_WARN_UNREACHABLE_CODE = YES;
				CLANG_WARN__DUPLICATE_METHOD_MATCH = YES;
				"CODE_SIGN_IDENTITY[sdk=iphoneos*]" = "iPhone Developer";
				COPY_PHASE_STRIP = NO;
				DEBUG_INFORMATION_FORMAT = "dwarf-with-dsym";
				ENABLE_NS_ASSERTIONS = NO;
				ENABLE_STRICT_OBJC_MSGSEND = YES;
				GCC_C_LANGUAGE_STANDARD = gnu99;
				GCC_NO_COMMON_BLOCKS = YES;
				GCC_WARN_64_TO_32_BIT_CONVERSION = YES;
				GCC_WARN_ABOUT_RETURN_TYPE = YES_ERROR;
				GCC_WARN_UNDECLARED_SELECTOR = YES;
				GCC_WARN_UNINITIALIZED_AUTOS = YES_AGGRESSIVE;
				GCC_WARN_UNUSED_FUNCTION = YES;
				GCC_WARN_UNUSED_VARIABLE = YES;
				IPHONEOS_DEPLOYMENT_TARGET = 9.3;
				MTL_ENABLE_DEBUG_INFO = NO;
				SDKROOT = iphoneos;
				VALIDATE_PRODUCT = YES;
			};
			name = Release;
		};
		D0992A831D5B17B900DBE840 /* Debug */ = {
			isa = XCBuildConfiguration;
			buildSettings = {
				ASSETCATALOG_COMPILER_APPICON_NAME = AppIcon;
				INFOPLIST_FILE = testSourceControl/Info.plist;
				LD_RUNPATH_SEARCH_PATHS = "$(inherited) @executable_path/Frameworks";
				PRODUCT_BUNDLE_IDENTIFIER = com.yaliang.testSourceControl;
				PRODUCT_NAME = "$(TARGET_NAME)";
			};
			name = Debug;
		};
		D0992A841D5B17B900DBE840 /* Release */ = {
			isa = XCBuildConfiguration;
			buildSettings = {
				ASSETCATALOG_COMPILER_APPICON_NAME = AppIcon;
				INFOPLIST_FILE = testSourceControl/Info.plist;
				LD_RUNPATH_SEARCH_PATHS = "$(inherited) @executable_path/Frameworks";
				PRODUCT_BUNDLE_IDENTIFIER = com.yaliang.testSourceControl;
				PRODUCT_NAME = "$(TARGET_NAME)";
			};
			name = Release;
		};
		D0992A861D5B17B900DBE840 /* Debug */ = {
			isa = XCBuildConfiguration;
			buildSettings = {
				BUNDLE_LOADER = "$(TEST_HOST)";
				INFOPLIST_FILE = testSourceControlTests/Info.plist;
				LD_RUNPATH_SEARCH_PATHS = "$(inherited) @executable_path/Frameworks @loader_path/Frameworks";
				PRODUCT_BUNDLE_IDENTIFIER = com.yaliang.testSourceControlTests;
				PRODUCT_NAME = "$(TARGET_NAME)";
				TEST_HOST = "$(BUILT_PRODUCTS_DIR)/testSourceControl.app/testSourceControl";
			};
			name = Debug;
		};
		D0992A871D5B17B900DBE840 /* Release */ = {
			isa = XCBuildConfiguration;
			buildSettings = {
				BUNDLE_LOADER = "$(TEST_HOST)";
				INFOPLIST_FILE = testSourceControlTests/Info.plist;
				LD_RUNPATH_SEARCH_PATHS = "$(inherited) @executable_path/Frameworks @loader_path/Frameworks";
				PRODUCT_BUNDLE_IDENTIFIER = com.yaliang.testSourceControlTests;
				PRODUCT_NAME = "$(TARGET_NAME)";
				TEST_HOST = "$(BUILT_PRODUCTS_DIR)/testSourceControl.app/testSourceControl";
			};
			name = Release;
		};
		D0992A891D5B17B900DBE840 /* Debug */ = {
			isa = XCBuildConfiguration;
			buildSettings = {
				INFOPLIST_FILE = testSourceControlUITests/Info.plist;
				LD_RUNPATH_SEARCH_PATHS = "$(inherited) @executable_path/Frameworks @loader_path/Frameworks";
				PRODUCT_BUNDLE_IDENTIFIER = com.yaliang.testSourceControlUITests;
				PRODUCT_NAME = "$(TARGET_NAME)";
				TEST_TARGET_NAME = testSourceControl;
			};
			name = Debug;
		};
		D0992A8A1D5B17B900DBE840 /* Release */ = {
			isa = XCBuildConfiguration;
			buildSettings = {
				INFOPLIST_FILE = testSourceControlUITests/Info.plist;
				LD_RUNPATH_SEARCH_PATHS = "$(inherited) @executable_path/Frameworks @loader_path/Frameworks";
				PRODUCT_BUNDLE_IDENTIFIER = com.yaliang.testSourceControlUITests;
				PRODUCT_NAME = "$(TARGET_NAME)";
				TEST_TARGET_NAME = testSourceControl;
			};
			name = Release;
		};
/* End XCBuildConfiguration section */

/* Begin XCConfigurationList section */
		D0992A501D5B17B800DBE840 /* Build configuration list for PBXProject "testSourceControl" */ = {
			isa = XCConfigurationList;
			buildConfigurations = (
				D0992A801D5B17B900DBE840 /* Debug */,
				D0992A811D5B17B900DBE840 /* Release */,
			);
			defaultConfigurationIsVisible = 0;
			defaultConfigurationName = Release;
		};
		D0992A821D5B17B900DBE840 /* Build configuration list for PBXNativeTarget "testSourceControl" */ = {
			isa = XCConfigurationList;
			buildConfigurations = (
				D0992A831D5B17B900DBE840 /* Debug */,
				D0992A841D5B17B900DBE840 /* Release */,
			);
			defaultConfigurationIsVisible = 0;
			defaultConfigurationName = Release;
		};
		D0992A851D5B17B900DBE840 /* Build configuration list for PBXNativeTarget "testSourceControlTests" */ = {
			isa = XCConfigurationList;
			buildConfigurations = (
				D0992A861D5B17B900DBE840 /* Debug */,
				D0992A871D5B17B900DBE840 /* Release */,
			);
			defaultConfigurationIsVisible = 0;
			defaultConfigurationName = Release;
		};
		D0992A881D5B17B900DBE840 /* Build configuration list for PBXNativeTarget "testSourceControlUITests" */ = {
			isa = XCConfigurationList;
			buildConfigurations = (
				D0992A891D5B17B900DBE840 /* Debug */,
				D0992A8A1D5B17B900DBE840 /* Release */,
			);
			defaultConfigurationIsVisible = 0;
			defaultConfigurationName = Release;
		};
/* End XCConfigurationList section */
	};
	rootObject = D0992A4D1D5B17B700DBE840 /* Project object */;
}
